
Microsoft Visual Studio Solution File, Format Version 12.00
# Visual Studio Version 17
VisualStudioVersion = 17.0.31903.59
MinimumVisualStudioVersion = 10.0.40219.1
Project("{2150E333-8FDC-42A3-9474-1A3956D46DE8}") = "src", "src", "{827E0CD3-B72D-47B6-A68D-7590B98EB39B}"
EndProject
Project("{FAE04EC0-301F-11D3-BF4B-00C04F79EFBC}") = "GenWave.Core", "src\GenWave.Core\GenWave.Core.csproj", "{BACEB06C-5D3D-4E96-8868-266E7449AF8B}"
EndProject
Project("{2150E333-8FDC-42A3-9474-1A3956D46DE8}") = "tests", "tests", "{0AB3BF05-4346-4AA6-1389-037BE0695223}"
EndProject
Project("{FAE04EC0-301F-11D3-BF4B-00C04F79EFBC}") = "GenWave.Core.Tests", "tests\GenWave.Core.Tests\GenWave.Core.Tests.csproj", "{91FD4208-9FC1-41B4-94AD-AF4673F61896}"
EndProject
Project("{FAE04EC0-301F-11D3-BF4B-00C04F79EFBC}") = "GenWave.Host", "src\GenWave.Host\GenWave.Host.csproj", "{05A1BAC1-2D3C-4514-A2BC-E3A153BDC529}"
EndProject
Project("{FAE04EC0-301F-11D3-BF4B-00C04F79EFBC}") = "GenWave.Host.Tests", "tests\GenWave.Host.Tests\GenWave.Host.Tests.csproj", "{DEA05C6D-DE04-479E-8AA7-266C6430A271}"
EndProject
Project("{FAE04EC0-301F-11D3-BF4B-00C04F79EFBC}") = "GenWave.MediaLibrary", "src\GenWave.MediaLibrary\GenWave.MediaLibrary.csproj", "{65282CC9-D0B0-45CE-83C9-0A42EDBF1288}"
EndProject
Project("{FAE04EC0-301F-11D3-BF4B-00C04F79EFBC}") = "GenWave.Tts.Tests", "tests\GenWave.Tts.Tests\GenWave.Tts.Tests.csproj", "{8C240637-1060-4F62-8B5B-B809F6F46895}"
EndProject
Project("{FAE04EC0-301F-11D3-BF4B-00C04F79EFBC}") = "GenWave.Orchestration.Tests", "tests\GenWave.Orchestration.Tests\GenWave.Orchestration.Tests.csproj", "{3AE7B2C7-FF30-43A7-A094-C2735C2D36F7}"
EndProject
Project("{FAE04EC0-301F-11D3-BF4B-00C04F79EFBC}") = "GenWave.Loudness", "src\GenWave.Loudness\GenWave.Loudness.csproj", "{CC3677CB-8489-46E7-A59D-737CCDA2902B}"
EndProject
Project("{FAE04EC0-301F-11D3-BF4B-00C04F79EFBC}") = "GenWave.MediaLibrary.Tests", "tests\GenWave.MediaLibrary.Tests\GenWave.MediaLibrary.Tests.csproj", "{BBBE3C76-F147-457B-8158-A671D1231986}"
EndProject
Project("{FAE04EC0-301F-11D3-BF4B-00C04F79EFBC}") = "GenWave.Tts", "src\GenWave.Tts\GenWave.Tts.csproj", "{6A905C73-F73B-48D5-8F11-6D1CBA033C94}"
EndProject
Project("{FAE04EC0-301F-11D3-BF4B-00C04F79EFBC}") = "GenWave.Orchestration", "src\GenWave.Orchestration\GenWave.Orchestration.csproj", "{A412DC7D-2F7D-4ED8-834F-93D0DBA38385}"
EndProject
Project("{FAE04EC0-301F-11D3-BF4B-00C04F79EFBC}") = "GenWave.Abstractions", "src\GenWave.Abstractions\GenWave.Abstractions.csproj", "{546C3B92-44D3-438D-A572-DE141E55F2B8}"
EndProject
Global
	GlobalSection(SolutionConfigurationPlatforms) = preSolution
		Debug|Any CPU = Debug|Any CPU
		Debug|x64 = Debug|x64
		Debug|x86 = Debug|x86
		Release|Any CPU = Release|Any CPU
		Release|x64 = Release|x64
		Release|x86 = Release|x86
	EndGlobalSection
	GlobalSection(ProjectConfigurationPlatforms) = postSolution
		{BACEB06C-5D3D-4E96-8868-266E7449AF8B}.Debug|Any CPU.ActiveCfg = Debug|Any CPU
		{BACEB06C-5D3D-4E96-8868-266E7449AF8B}.Debug|Any CPU.Build.0 = Debug|Any CPU
		{BACEB06C-5D3D-4E96-8868-266E7449AF8B}.Debug|x64.ActiveCfg = Debug|Any CPU
		{BACEB06C-5D3D-4E96-8868-266E7449AF8B}.Debug|x64.Build.0 = Debug|Any CPU
		{BACEB06C-5D3D-4E96-8868-266E7449AF8B}.Debug|x86.ActiveCfg = Debug|Any CPU
		{BACEB06C-5D3D-4E96-8868-266E7449AF8B}.Debug|x86.Build.0 = Debug|Any CPU
		{BACEB06C-5D3D-4E96-8868-266E7449AF8B}.Release|Any CPU.ActiveCfg = Release|Any CPU
		{BACEB06C-5D3D-4E96-8868-266E7449AF8B}.Release|Any CPU.Build.0 = Release|Any CPU
		{BACEB06C-5D3D-4E96-8868-266E7449AF8B}.Release|x64.ActiveCfg = Release|Any CPU
		{BACEB06C-5D3D-4E96-8868-266E7449AF8B}.Release|x64.Build.0 = Release|Any CPU
		{BACEB06C-5D3D-4E96-8868-266E7449AF8B}.Release|x86.ActiveCfg = Release|Any CPU
		{BACEB06C-5D3D-4E96-8868-266E7449AF8B}.Release|x86.Build.0 = Release|Any CPU
		{91FD4208-9FC1-41B4-94AD-AF4673F61896}.Debug|Any CPU.ActiveCfg = Debug|Any CPU
		{91FD4208-9FC1-41B4-94AD-AF4673F61896}.Debug|Any CPU.Build.0 = Debug|Any CPU
		{91FD4208-9FC1-41B4-94AD-AF4673F61896}.Debug|x64.ActiveCfg = Debug|Any CPU
		{91FD4208-9FC1-41B4-94AD-AF4673F61896}.Debug|x64.Build.0 = Debug|Any CPU
		{91FD4208-9FC1-41B4-94AD-AF4673F61896}.Debug|x86.ActiveCfg = Debug|Any CPU
		{91FD4208-9FC1-41B4-94AD-AF4673F61896}.Debug|x86.Build.0 = Debug|Any CPU
		{91FD4208-9FC1-41B4-94AD-AF4673F61896}.Release|Any CPU.ActiveCfg = Release|Any CPU
		{91FD4208-9FC1-41B4-94AD-AF4673F61896}.Release|Any CPU.Build.0 = Release|Any CPU
		{91FD4208-9FC1-41B4-94AD-AF4673F61896}.Release|x64.ActiveCfg = Release|Any CPU
		{91FD4208-9FC1-41B4-94AD-AF4673F61896}.Release|x64.Build.0 = Release|Any CPU
		{91FD4208-9FC1-41B4-94AD-AF4673F61896}.Release|x86.ActiveCfg = Release|Any CPU
		{91FD4208-9FC1-41B4-94AD-AF4673F61896}.Release|x86.Build.0 = Release|Any CPU
		{05A1BAC1-2D3C-4514-A2BC-E3A153BDC529}.Debug|Any CPU.ActiveCfg = Debug|Any CPU
		{05A1BAC1-2D3C-4514-A2BC-E3A153BDC529}.Debug|Any CPU.Build.0 = Debug|Any CPU
		{05A1BAC1-2D3C-4514-A2BC-E3A153BDC529}.Debug|x64.ActiveCfg = Debug|Any CPU
		{05A1BAC1-2D3C-4514-A2BC-E3A153BDC529}.Debug|x64.Build.0 = Debug|Any CPU
		{05A1BAC1-2D3C-4514-A2BC-E3A153BDC529}.Debug|x86.ActiveCfg = Debug|Any CPU
		{05A1BAC1-2D3C-4514-A2BC-E3A153BDC529}.Debug|x86.Build.0 = Debug|Any CPU
		{05A1BAC1-2D3C-4514-A2BC-E3A153BDC529}.Release|Any CPU.ActiveCfg = Release|Any CPU
		{05A1BAC1-2D3C-4514-A2BC-E3A153BDC529}.Release|Any CPU.Build.0 = Release|Any CPU
		{05A1BAC1-2D3C-4514-A2BC-E3A153BDC529}.Release|x64.ActiveCfg = Release|Any CPU
		{05A1BAC1-2D3C-4514-A2BC-E3A153BDC529}.Release|x64.Build.0 = Release|Any CPU
		{05A1BAC1-2D3C-4514-A2BC-E3A153BDC529}.Release|x86.ActiveCfg = Release|Any CPU
		{05A1BAC1-2D3C-4514-A2BC-E3A153BDC529}.Release|x86.Build.0 = Release|Any CPU
		{DEA05C6D-DE04-479E-8AA7-266C6430A271}.Debug|Any CPU.ActiveCfg = Debug|Any CPU
		{DEA05C6D-DE04-479E-8AA7-266C6430A271}.Debug|Any CPU.Build.0 = Debug|Any CPU
		{DEA05C6D-DE04-479E-8AA7-266C6430A271}.Debug|x64.ActiveCfg = Debug|Any CPU
		{DEA05C6D-DE04-479E-8AA7-266C6430A271}.Debug|x64.Build.0 = Debug|Any CPU
		{DEA05C6D-DE04-479E-8AA7-266C6430A271}.Debug|x86.ActiveCfg = Debug|Any CPU
		{DEA05C6D-DE04-479E-8AA7-266C6430A271}.Debug|x86.Build.0 = Debug|Any CPU
		{DEA05C6D-DE04-479E-8AA7-266C6430A271}.Release|Any CPU.ActiveCfg = Release|Any CPU
		{DEA05C6D-DE04-479E-8AA7-266C6430A271}.Release|Any CPU.Build.0 = Release|Any CPU
		{DEA05C6D-DE04-479E-8AA7-266C6430A271}.Release|x64.ActiveCfg = Release|Any CPU
		{DEA05C6D-DE04-479E-8AA7-266C6430A271}.Release|x64.Build.0 = Release|Any CPU
		{DEA05C6D-DE04-479E-8AA7-266C6430A271}.Release|x86.ActiveCfg = Release|Any CPU
		{DEA05C6D-DE04-479E-8AA7-266C6430A271}.Release|x86.Build.0 = Release|Any CPU
		{65282CC9-D0B0-45CE-83C9-0A42EDBF1288}.Debug|Any CPU.ActiveCfg = Debug|Any CPU
		{65282CC9-D0B0-45CE-83C9-0A42EDBF1288}.Debug|Any CPU.Build.0 = Debug|Any CPU
		{65282CC9-D0B0-45CE-83C9-0A42EDBF1288}.Debug|x64.ActiveCfg = Debug|Any CPU
		{65282CC9-D0B0-45CE-83C9-0A42EDBF1288}.Debug|x64.Build.0 = Debug|Any CPU
		{65282CC9-D0B0-45CE-83C9-0A42EDBF1288}.Debug|x86.ActiveCfg = Debug|Any CPU
		{65282CC9-D0B0-45CE-83C9-0A42EDBF1288}.Debug|x86.Build.0 = Debug|Any CPU
		{65282CC9-D0B0-45CE-83C9-0A42EDBF1288}.Release|Any CPU.ActiveCfg = Release|Any CPU
		{65282CC9-D0B0-45CE-83C9-0A42EDBF1288}.Release|Any CPU.Build.0 = Release|Any CPU
		{65282CC9-D0B0-45CE-83C9-0A42EDBF1288}.Release|x64.ActiveCfg = Release|Any CPU
		{65282CC9-D0B0-45CE-83C9-0A42EDBF1288}.Release|x64.Build.0 = Release|Any CPU
		{65282CC9-D0B0-45CE-83C9-0A42EDBF1288}.Release|x86.ActiveCfg = Release|Any CPU
		{65282CC9-D0B0-45CE-83C9-0A42EDBF1288}.Release|x86.Build.0 = Release|Any CPU
		{8C240637-1060-4F62-8B5B-B809F6F46895}.Debug|Any CPU.ActiveCfg = Debug|Any CPU
		{8C240637-1060-4F62-8B5B-B809F6F46895}.Debug|Any CPU.Build.0 = Debug|Any CPU
		{8C240637-1060-4F62-8B5B-B809F6F46895}.Debug|x64.ActiveCfg = Debug|Any CPU
		{8C240637-1060-4F62-8B5B-B809F6F46895}.Debug|x64.Build.0 = Debug|Any CPU
		{8C240637-1060-4F62-8B5B-B809F6F46895}.Debug|x86.ActiveCfg = Debug|Any CPU
		{8C240637-1060-4F62-8B5B-B809F6F46895}.Debug|x86.Build.0 = Debug|Any CPU
		{8C240637-1060-4F62-8B5B-B809F6F46895}.Release|Any CPU.ActiveCfg = Release|Any CPU
		{8C240637-1060-4F62-8B5B-B809F6F46895}.Release|Any CPU.Build.0 = Release|Any CPU
		{8C240637-1060-4F62-8B5B-B809F6F46895}.Release|x64.ActiveCfg = Release|Any CPU
		{8C240637-1060-4F62-8B5B-B809F6F46895}.Release|x64.Build.0 = Release|Any CPU
		{8C240637-1060-4F62-8B5B-B809F6F46895}.Release|x86.ActiveCfg = Release|Any CPU
		{8C240637-1060-4F62-8B5B-B809F6F46895}.Release|x86.Build.0 = Release|Any CPU
		{3AE7B2C7-FF30-43A7-A094-C2735C2D36F7}.Debug|Any CPU.ActiveCfg = Debug|Any CPU
		{3AE7B2C7-FF30-43A7-A094-C2735C2D36F7}.Debug|Any CPU.Build.0 = Debug|Any CPU
		{3AE7B2C7-FF30-43A7-A094-C2735C2D36F7}.Debug|x64.ActiveCfg = Debug|Any CPU
		{3AE7B2C7-FF30-43A7-A094-C2735C2D36F7}.Debug|x64.Build.0 = Debug|Any CPU
		{3AE7B2C7-FF30-43A7-A094-C2735C2D36F7}.Debug|x86.ActiveCfg = Debug|Any CPU
		{3AE7B2C7-FF30-43A7-A094-C2735C2D36F7}.Debug|x86.Build.0 = Debug|Any CPU
		{3AE7B2C7-FF30-43A7-A094-C2735C2D36F7}.Release|Any CPU.ActiveCfg = Release|Any CPU
		{3AE7B2C7-FF30-43A7-A094-C2735C2D36F7}.Release|Any CPU.Build.0 = Release|Any CPU
		{3AE7B2C7-FF30-43A7-A094-C2735C2D36F7}.Release|x64.ActiveCfg = Release|Any CPU
		{3AE7B2C7-FF30-43A7-A094-C2735C2D36F7}.Release|x64.Build.0 = Release|Any CPU
		{3AE7B2C7-FF30-43A7-A094-C2735C2D36F7}.Release|x86.ActiveCfg = Release|Any CPU
		{3AE7B2C7-FF30-43A7-A094-C2735C2D36F7}.Release|x86.Build.0 = Release|Any CPU
		{CC3677CB-8489-46E7-A59D-737CCDA2902B}.Debug|Any CPU.ActiveCfg = Debug|Any CPU
		{CC3677CB-8489-46E7-A59D-737CCDA2902B}.Debug|Any CPU.Build.0 = Debug|Any CPU
		{CC3677CB-8489-46E7-A59D-737CCDA2902B}.Debug|x64.ActiveCfg = Debug|Any CPU
		{CC3677CB-8489-46E7-A59D-737CCDA2902B}.Debug|x64.Build.0 = Debug|Any CPU
		{CC3677CB-8489-46E7-A59D-737CCDA2902B}.Debug|x86.ActiveCfg = Debug|Any CPU
		{CC3677CB-8489-46E7-A59D-737CCDA2902B}.Debug|x86.Build.0 = Debug|Any CPU
		{CC3677CB-8489-46E7-A59D-737CCDA2902B}.Release|Any CPU.ActiveCfg = Release|Any CPU
		{CC3677CB-8489-46E7-A59D-737CCDA2902B}.Release|Any CPU.Build.0 = Release|Any CPU
		{CC3677CB-8489-46E7-A59D-737CCDA2902B}.Release|x64.ActiveCfg = Release|Any CPU
		{CC3677CB-8489-46E7-A59D-737CCDA2902B}.Release|x64.Build.0 = Release|Any CPU
		{CC3677CB-8489-46E7-A59D-737CCDA2902B}.Release|x86.ActiveCfg = Release|Any CPU
		{CC3677CB-8489-46E7-A59D-737CCDA2902B}.Release|x86.Build.0 = Release|Any CPU
		{BBBE3C76-F147-457B-8158-A671D1231986}.Debug|Any CPU.ActiveCfg = Debug|Any CPU
		{BBBE3C76-F147-457B-8158-A671D1231986}.Debug|Any CPU.Build.0 = Debug|Any CPU
		{BBBE3C76-F147-457B-8158-A671D1231986}.Debug|x64.ActiveCfg = Debug|Any CPU
		{BBBE3C76-F147-457B-8158-A671D1231986}.Debug|x64.Build.0 = Debug|Any CPU
		{BBBE3C76-F147-457B-8158-A671D1231986}.Debug|x86.ActiveCfg = Debug|Any CPU
		{BBBE3C76-F147-457B-8158-A671D1231986}.Debug|x86.Build.0 = Debug|Any CPU
		{BBBE3C76-F147-457B-8158-A671D1231986}.Release|Any CPU.ActiveCfg = Release|Any CPU
		{BBBE3C76-F147-457B-8158-A671D1231986}.Release|Any CPU.Build.0 = Release|Any CPU
		{BBBE3C76-F147-457B-8158-A671D1231986}.Release|x64.ActiveCfg = Release|Any CPU
		{BBBE3C76-F147-457B-8158-A671D1231986}.Release|x64.Build.0 = Release|Any CPU
		{BBBE3C76-F147-457B-8158-A671D1231986}.Release|x86.ActiveCfg = Release|Any CPU
		{BBBE3C76-F147-457B-8158-A671D1231986}.Release|x86.Build.0 = Release|Any CPU
		{6A905C73-F73B-48D5-8F11-6D1CBA033C94}.Debug|Any CPU.ActiveCfg = Debug|Any CPU
		{6A905C73-F73B-48D5-8F11-6D1CBA033C94}.Debug|Any CPU.Build.0 = Debug|Any CPU
		{6A905C73-F73B-48D5-8F11-6D1CBA033C94}.Debug|x64.ActiveCfg = Debug|Any CPU
		{6A905C73-F73B-48D5-8F11-6D1CBA033C94}.Debug|x64.Build.0 = Debug|Any CPU
		{6A905C73-F73B-48D5-8F11-6D1CBA033C94}.Debug|x86.ActiveCfg = Debug|Any CPU
		{6A905C73-F73B-48D5-8F11-6D1CBA033C94}.Debug|x86.Build.0 = Debug|Any CPU
		{6A905C73-F73B-48D5-8F11-6D1CBA033C94}.Release|Any CPU.ActiveCfg = Release|Any CPU
		{6A905C73-F73B-48D5-8F11-6D1CBA033C94}.Release|Any CPU.Build.0 = Release|Any CPU
		{6A905C73-F73B-48D5-8F11-6D1CBA033C94}.Release|x64.ActiveCfg = Release|Any CPU
		{6A905C73-F73B-48D5-8F11-6D1CBA033C94}.Release|x64.Build.0 = Release|Any CPU
		{6A905C73-F73B-48D5-8F11-6D1CBA033C94}.Release|x86.ActiveCfg = Release|Any CPU
		{6A905C73-F73B-48D5-8F11-6D1CBA033C94}.Release|x86.Build.0 = Release|Any CPU
		{A412DC7D-2F7D-4ED8-834F-93D0DBA38385}.Debug|Any CPU.ActiveCfg = Debug|Any CPU
		{A412DC7D-2F7D-4ED8-834F-93D0DBA38385}.Debug|Any CPU.Build.0 = Debug|Any CPU
		{A412DC7D-2F7D-4ED8-834F-93D0DBA38385}.Debug|x64.ActiveCfg = Debug|Any CPU
		{A412DC7D-2F7D-4ED8-834F-93D0DBA38385}.Debug|x64.Build.0 = Debug|Any CPU
		{A412DC7D-2F7D-4ED8-834F-93D0DBA38385}.Debug|x86.ActiveCfg = Debug|Any CPU
		{A412DC7D-2F7D-4ED8-834F-93D0DBA38385}.Debug|x86.Build.0 = Debug|Any CPU
		{A412DC7D-2F7D-4ED8-834F-93D0DBA38385}.Release|Any CPU.ActiveCfg = Release|Any CPU
		{A412DC7D-2F7D-4ED8-834F-93D0DBA38385}.Release|Any CPU.Build.0 = Release|Any CPU
		{A412DC7D-2F7D-4ED8-834F-93D0DBA38385}.Release|x64.ActiveCfg = Release|Any CPU
		{A412DC7D-2F7D-4ED8-834F-93D0DBA38385}.Release|x64.Build.0 = Release|Any CPU
		{A412DC7D-2F7D-4ED8-834F-93D0DBA38385}.Release|x86.ActiveCfg = Release|Any CPU
		{A412DC7D-2F7D-4ED8-834F-93D0DBA38385}.Release|x86.Build.0 = Release|Any CPU
		{546C3B92-44D3-438D-A572-DE141E55F2B8}.Debug|Any CPU.ActiveCfg = Debug|Any CPU
		{546C3B92-44D3-438D-A572-DE141E55F2B8}.Debug|Any CPU.Build.0 = Debug|Any CPU
		{546C3B92-44D3-438D-A572-DE141E55F2B8}.Debug|x64.ActiveCfg = Debug|Any CPU
		{546C3B92-44D3-438D-A572-DE141E55F2B8}.Debug|x64.Build.0 = Debug|Any CPU
		{546C3B92-44D3-438D-A572-DE141E55F2B8}.Debug|x86.ActiveCfg = Debug|Any CPU
		{546C3B92-44D3-438D-A572-DE141E55F2B8}.Debug|x86.Build.0 = Debug|Any CPU
		{546C3B92-44D3-438D-A572-DE141E55F2B8}.Release|Any CPU.ActiveCfg = Release|Any CPU
		{546C3B92-44D3-438D-A572-DE141E55F2B8}.Release|Any CPU.Build.0 = Release|Any CPU
		{546C3B92-44D3-438D-A572-DE141E55F2B8}.Release|x64.ActiveCfg = Release|Any CPU
		{546C3B92-44D3-438D-A572-DE141E55F2B8}.Release|x64.Build.0 = Release|Any CPU
		{546C3B92-44D3-438D-A572-DE141E55F2B8}.Release|x86.ActiveCfg = Release|Any CPU
		{546C3B92-44D3-438D-A572-DE141E55F2B8}.Release|x86.Build.0 = Release|Any CPU
	EndGlobalSection
	GlobalSection(SolutionProperties) = preSolution
		HideSolutionNode = FALSE
	EndGlobalSection
	GlobalSection(NestedProjects) = preSolution
		{BACEB06C-5D3D-4E96-8868-266E7449AF8B} = {827E0CD3-B72D-47B6-A68D-7590B98EB39B}
		{91FD4208-9FC1-41B4-94AD-AF4673F61896} = {0AB3BF05-4346-4AA6-1389-037BE0695223}
		{05A1BAC1-2D3C-4514-A2BC-E3A153BDC529} = {827E0CD3-B72D-47B6-A68D-7590B98EB39B}
		{DEA05C6D-DE04-479E-8AA7-266C6430A271} = {0AB3BF05-4346-4AA6-1389-037BE0695223}
		{65282CC9-D0B0-45CE-83C9-0A42EDBF1288} = {827E0CD3-B72D-47B6-A68D-7590B98EB39B}
		{8C240637-1060-4F62-8B5B-B809F6F46895} = {0AB3BF05-4346-4AA6-1389-037BE0695223}
		{3AE7B2C7-FF30-43A7-A094-C2735C2D36F7} = {0AB3BF05-4346-4AA6-1389-037BE0695223}
		{CC3677CB-8489-46E7-A59D-737CCDA2902B} = {827E0CD3-B72D-47B6-A68D-7590B98EB39B}
		{BBBE3C76-F147-457B-8158-A671D1231986} = {0AB3BF05-4346-4AA6-1389-037BE0695223}
		{6A905C73-F73B-48D5-8F11-6D1CBA033C94} = {827E0CD3-B72D-47B6-A68D-7590B98EB39B}
		{A412DC7D-2F7D-4ED8-834F-93D0DBA38385} = {827E0CD3-B72D-47B6-A68D-7590B98EB39B}
		{546C3B92-44D3-438D-A572-DE141E55F2B8} = {827E0CD3-B72D-47B6-A68D-7590B98EB39B}
	EndGlobalSection
EndGlobal
